
Microsoft Visual Studio Solution File, Format Version 12.00
# Visual Studio Version 17
VisualStudioVersion = 17.5.33502.453
MinimumVisualStudioVersion = 10.0.40219.1
Project("{9A19103F-16F7-4668-BE54-9A1E7A4F7556}") = "comPort_wpf", "comPort_wpf\comPort_wpf.csproj", "{8D1F62C6-8090-4D54-BE69-F4ACC01E7331}"
EndProject
Global
	GlobalSection(SolutionConfigurationPlatforms) = preSolution
		Debug|Any CPU = Debug|Any CPU
		Release|Any CPU = Release|Any CPU
	EndGlobalSection
	GlobalSection(ProjectConfigurationPlatforms) = postSolution
		{8D1F62C6-8090-4D54-BE69-F4ACC01E7331}.Debug|Any CPU.ActiveCfg = Debug|Any CPU
		{8D1F62C6-8090-4D54-BE69-F4ACC01E7331}.Debug|Any CPU.Build.0 = Debug|Any CPU
		{8D1F62C6-8090-4D54-BE69-F4ACC01E7331}.Release|Any CPU.ActiveCfg = Release|Any CPU
		{8D1F62C6-8090-4D54-BE69-F4ACC01E7331}.Release|Any CPU.Build.0 = Release|Any CPU
	EndGlobalSection
	GlobalSection(SolutionProperties) = preSolution
		HideSolutionNode = FALSE
	EndGlobalSection
	GlobalSection(ExtensibilityGlobals) = postSolution
		SolutionGuid = {D46FAFC6-474E-4876-8680-55F5274C2EF4}
	EndGlobalSection
EndGlobal
